
Microsoft Visual Studio Solution File, Format Version 12.00
# Visual Studio Version 17
VisualStudioVersion = 17.14.36327.8
MinimumVisualStudioVersion = 10.0.40219.1
Project("{FAE04EC0-301F-11D3-BF4B-00C04F79EFBC}") = "CarAuction.Model", "CarAuction.Model\CarAuction.Model.csproj", "{59D92458-6DAE-429F-9DBD-D4AFDB3C2BF2}"
EndProject
Project("{2150E333-8FDC-42A3-9474-1A3956D46DE8}") = "Model", "Model", "{02EA681E-C7D8-13C7-8484-4AC65E1B71E8}"
EndProject
Project("{2150E333-8FDC-42A3-9474-1A3956D46DE8}") = "Services", "Services", "{5DD6D8CC-A3F4-4ED7-899B-CD86197D37FB}"
EndProject
Project("{2150E333-8FDC-42A3-9474-1A3956D46DE8}") = "Api", "Api", "{EA7CA7F7-D0C7-4513-A95B-89B41F8616BB}"
EndProject
Project("{FAE04EC0-301F-11D3-BF4B-00C04F79EFBC}") = "CarAuction.ManagerApi", "CarAuction.ManagerApi\CarAuction.ManagerApi.csproj", "{301782C5-8571-46FD-9C35-A2F41F4C094E}"
EndProject
Project("{2150E333-8FDC-42A3-9474-1A3956D46DE8}") = "DataAccess", "DataAccess", "{35EADF6A-1A8B-4F4D-BFEB-2B382D505D2B}"
EndProject
Project("{FAE04EC0-301F-11D3-BF4B-00C04F79EFBC}") = "CarAuction.Sql", "CarAuction.Sql\CarAuction.Sql.csproj", "{2EF05D65-EB6C-4C26-B95E-DCB96B2E6F2C}"
EndProject
Project("{FAE04EC0-301F-11D3-BF4B-00C04F79EFBC}") = "CarAuction.Manager.Service", "CarAuction.Manager.Service\CarAuction.Manager.Service.csproj", "{19D65433-0025-4F5B-BB6E-BD66B4E69004}"
EndProject
Project("{2150E333-8FDC-42A3-9474-1A3956D46DE8}") = "Dto", "Dto", "{4738002B-F4DE-4950-98E2-5BCBEEDA67EC}"
EndProject
Project("{2150E333-8FDC-42A3-9474-1A3956D46DE8}") = "Common", "Common", "{DC402BFD-F4B8-4DF3-B51F-DEFF4B047C28}"
EndProject
Project("{FAE04EC0-301F-11D3-BF4B-00C04F79EFBC}") = "CarAuction.Common.MappingProfiles", "CarAuction.Common.MappingProfiles\CarAuction.Common.MappingProfiles.csproj", "{39CE9A3B-2E6B-49D7-963F-994501A5E475}"
EndProject
Project("{FAE04EC0-301F-11D3-BF4B-00C04F79EFBC}") = "CarAuction.Dto", "CarAuction.Dto\CarAuction.Dto.csproj", "{011D4A73-6B10-4B8D-BB4C-E86A5F8D8645}"
EndProject
Project("{FAE04EC0-301F-11D3-BF4B-00C04F79EFBC}") = "CarAuction.Common.Global", "CarAuction.Common.Global\CarAuction.Common.Global.csproj", "{3F80E99B-7234-4D29-871B-57FD1A16C40B}"
EndProject
Project("{2150E333-8FDC-42A3-9474-1A3956D46DE8}") = "Validation", "Validation", "{8FD08EAB-BFA6-4CE6-B097-9A5C831B4F92}"
EndProject
Project("{FAE04EC0-301F-11D3-BF4B-00C04F79EFBC}") = "CarAuction.Validation", "CarAuction.Validation\CarAuction.Validation.csproj", "{2E179D0F-7BD5-45D4-B672-5996409A0B04}"
EndProject
Project("{2150E333-8FDC-42A3-9474-1A3956D46DE8}") = "RealTime", "RealTime", "{BA2001E3-C216-4BBD-BC15-22C46A135F5D}"
EndProject
Project("{FAE04EC0-301F-11D3-BF4B-00C04F79EFBC}") = "CarAuction.RealTime", "CarAuction.RealTime\CarAuction.RealTime.csproj", "{F47BA690-838D-46BF-B865-5FDA391344D1}"
EndProject
Project("{FAE04EC0-301F-11D3-BF4B-00C04F79EFBC}") = "CarAuction.Client.Service", "CarAuction.Client.Service\CarAuction.Client.Service.csproj", "{DE2C8CC3-61B1-4532-B190-86FB03D74847}"
EndProject
Project("{FAE04EC0-301F-11D3-BF4B-00C04F79EFBC}") = "CarAuction.Client.Api", "CarAuction.Client.Api\CarAuction.Client.Api.csproj", "{B4E69593-0B03-4B40-91F2-425CD2846091}"
EndProject
Project("{2150E333-8FDC-42A3-9474-1A3956D46DE8}") = "_Tests", "_Tests", "{2E5EF764-1576-42D7-82FC-206707884635}"
EndProject
Project("{FAE04EC0-301F-11D3-BF4B-00C04F79EFBC}") = "CarAuction.Client.Service.UnitTests", "CarAuction.Client.Service.UnitTests\CarAuction.Client.Service.UnitTests.csproj", "{D37EBC38-9E9A-4C24-AE1F-5444EBB3022D}"
EndProject
Project("{FAE04EC0-301F-11D3-BF4B-00C04F79EFBC}") = "CarAuction.Common.Tests.Unitary", "CarAuction.Common.Tests.Unitary\CarAuction.Common.Tests.Unitary.csproj", "{F8EBFFED-A44B-440A-8C0F-3B07560CD528}"
EndProject
Project("{FAE04EC0-301F-11D3-BF4B-00C04F79EFBC}") = "CarAuction.Model.Tests.Unitary", "CarAuction.Model.Tests.Unitary\CarAuction.Model.Tests.Unitary.csproj", "{9ECEC603-60CE-4DA2-92FC-A4D69F288D6A}"
EndProject
Project("{FAE04EC0-301F-11D3-BF4B-00C04F79EFBC}") = "CarAuction.Manager.Service.Tests.Unitary", "CarAuction.Manager.Service.Tests.Unitary\CarAuction.Manager.Service.Tests.Unitary.csproj", "{9A3D5F31-5BCD-49E9-9ADF-5ACA7A2D7EC1}"
EndProject
Global
	GlobalSection(SolutionConfigurationPlatforms) = preSolution
		Debug|Any CPU = Debug|Any CPU
		Release|Any CPU = Release|Any CPU
	EndGlobalSection
	GlobalSection(ProjectConfigurationPlatforms) = postSolution
		{59D92458-6DAE-429F-9DBD-D4AFDB3C2BF2}.Debug|Any CPU.ActiveCfg = Debug|Any CPU
		{59D92458-6DAE-429F-9DBD-D4AFDB3C2BF2}.Debug|Any CPU.Build.0 = Debug|Any CPU
		{59D92458-6DAE-429F-9DBD-D4AFDB3C2BF2}.Release|Any CPU.ActiveCfg = Release|Any CPU
		{59D92458-6DAE-429F-9DBD-D4AFDB3C2BF2}.Release|Any CPU.Build.0 = Release|Any CPU
		{301782C5-8571-46FD-9C35-A2F41F4C094E}.Debug|Any CPU.ActiveCfg = Debug|Any CPU
		{301782C5-8571-46FD-9C35-A2F41F4C094E}.Debug|Any CPU.Build.0 = Debug|Any CPU
		{301782C5-8571-46FD-9C35-A2F41F4C094E}.Release|Any CPU.ActiveCfg = Release|Any CPU
		{301782C5-8571-46FD-9C35-A2F41F4C094E}.Release|Any CPU.Build.0 = Release|Any CPU
		{2EF05D65-EB6C-4C26-B95E-DCB96B2E6F2C}.Debug|Any CPU.ActiveCfg = Debug|Any CPU
		{2EF05D65-EB6C-4C26-B95E-DCB96B2E6F2C}.Debug|Any CPU.Build.0 = Debug|Any CPU
		{2EF05D65-EB6C-4C26-B95E-DCB96B2E6F2C}.Release|Any CPU.ActiveCfg = Release|Any CPU
		{2EF05D65-EB6C-4C26-B95E-DCB96B2E6F2C}.Release|Any CPU.Build.0 = Release|Any CPU
		{19D65433-0025-4F5B-BB6E-BD66B4E69004}.Debug|Any CPU.ActiveCfg = Debug|Any CPU
		{19D65433-0025-4F5B-BB6E-BD66B4E69004}.Debug|Any CPU.Build.0 = Debug|Any CPU
		{19D65433-0025-4F5B-BB6E-BD66B4E69004}.Release|Any CPU.ActiveCfg = Release|Any CPU
		{19D65433-0025-4F5B-BB6E-BD66B4E69004}.Release|Any CPU.Build.0 = Release|Any CPU
		{39CE9A3B-2E6B-49D7-963F-994501A5E475}.Debug|Any CPU.ActiveCfg = Debug|Any CPU
		{39CE9A3B-2E6B-49D7-963F-994501A5E475}.Debug|Any CPU.Build.0 = Debug|Any CPU
		{39CE9A3B-2E6B-49D7-963F-994501A5E475}.Release|Any CPU.ActiveCfg = Release|Any CPU
		{39CE9A3B-2E6B-49D7-963F-994501A5E475}.Release|Any CPU.Build.0 = Release|Any CPU
		{011D4A73-6B10-4B8D-BB4C-E86A5F8D8645}.Debug|Any CPU.ActiveCfg = Debug|Any CPU
		{011D4A73-6B10-4B8D-BB4C-E86A5F8D8645}.Debug|Any CPU.Build.0 = Debug|Any CPU
		{011D4A73-6B10-4B8D-BB4C-E86A5F8D8645}.Release|Any CPU.ActiveCfg = Release|Any CPU
		{011D4A73-6B10-4B8D-BB4C-E86A5F8D8645}.Release|Any CPU.Build.0 = Release|Any CPU
		{3F80E99B-7234-4D29-871B-57FD1A16C40B}.Debug|Any CPU.ActiveCfg = Debug|Any CPU
		{3F80E99B-7234-4D29-871B-57FD1A16C40B}.Debug|Any CPU.Build.0 = Debug|Any CPU
		{3F80E99B-7234-4D29-871B-57FD1A16C40B}.Release|Any CPU.ActiveCfg = Release|Any CPU
		{3F80E99B-7234-4D29-871B-57FD1A16C40B}.Release|Any CPU.Build.0 = Release|Any CPU
		{2E179D0F-7BD5-45D4-B672-5996409A0B04}.Debug|Any CPU.ActiveCfg = Debug|Any CPU
		{2E179D0F-7BD5-45D4-B672-5996409A0B04}.Debug|Any CPU.Build.0 = Debug|Any CPU
		{2E179D0F-7BD5-45D4-B672-5996409A0B04}.Release|Any CPU.ActiveCfg = Release|Any CPU
		{2E179D0F-7BD5-45D4-B672-5996409A0B04}.Release|Any CPU.Build.0 = Release|Any CPU
		{F47BA690-838D-46BF-B865-5FDA391344D1}.Debug|Any CPU.ActiveCfg = Debug|Any CPU
		{F47BA690-838D-46BF-B865-5FDA391344D1}.Debug|Any CPU.Build.0 = Debug|Any CPU
		{F47BA690-838D-46BF-B865-5FDA391344D1}.Release|Any CPU.ActiveCfg = Release|Any CPU
		{F47BA690-838D-46BF-B865-5FDA391344D1}.Release|Any CPU.Build.0 = Release|Any CPU
		{DE2C8CC3-61B1-4532-B190-86FB03D74847}.Debug|Any CPU.ActiveCfg = Debug|Any CPU
		{DE2C8CC3-61B1-4532-B190-86FB03D74847}.Debug|Any CPU.Build.0 = Debug|Any CPU
		{DE2C8CC3-61B1-4532-B190-86FB03D74847}.Release|Any CPU.ActiveCfg = Release|Any CPU
		{DE2C8CC3-61B1-4532-B190-86FB03D74847}.Release|Any CPU.Build.0 = Release|Any CPU
		{B4E69593-0B03-4B40-91F2-425CD2846091}.Debug|Any CPU.ActiveCfg = Debug|Any CPU
		{B4E69593-0B03-4B40-91F2-425CD2846091}.Debug|Any CPU.Build.0 = Debug|Any CPU
		{B4E69593-0B03-4B40-91F2-425CD2846091}.Release|Any CPU.ActiveCfg = Release|Any CPU
		{B4E69593-0B03-4B40-91F2-425CD2846091}.Release|Any CPU.Build.0 = Release|Any CPU
		{D37EBC38-9E9A-4C24-AE1F-5444EBB3022D}.Debug|Any CPU.ActiveCfg = Debug|Any CPU
		{D37EBC38-9E9A-4C24-AE1F-5444EBB3022D}.Debug|Any CPU.Build.0 = Debug|Any CPU
		{D37EBC38-9E9A-4C24-AE1F-5444EBB3022D}.Release|Any CPU.ActiveCfg = Release|Any CPU
		{D37EBC38-9E9A-4C24-AE1F-5444EBB3022D}.Release|Any CPU.Build.0 = Release|Any CPU
		{F8EBFFED-A44B-440A-8C0F-3B07560CD528}.Debug|Any CPU.ActiveCfg = Debug|Any CPU
		{F8EBFFED-A44B-440A-8C0F-3B07560CD528}.Debug|Any CPU.Build.0 = Debug|Any CPU
		{F8EBFFED-A44B-440A-8C0F-3B07560CD528}.Release|Any CPU.ActiveCfg = Release|Any CPU
		{F8EBFFED-A44B-440A-8C0F-3B07560CD528}.Release|Any CPU.Build.0 = Release|Any CPU
		{9ECEC603-60CE-4DA2-92FC-A4D69F288D6A}.Debug|Any CPU.ActiveCfg = Debug|Any CPU
		{9ECEC603-60CE-4DA2-92FC-A4D69F288D6A}.Debug|Any CPU.Build.0 = Debug|Any CPU
		{9ECEC603-60CE-4DA2-92FC-A4D69F288D6A}.Release|Any CPU.ActiveCfg = Release|Any CPU
		{9ECEC603-60CE-4DA2-92FC-A4D69F288D6A}.Release|Any CPU.Build.0 = Release|Any CPU
		{9A3D5F31-5BCD-49E9-9ADF-5ACA7A2D7EC1}.Debug|Any CPU.ActiveCfg = Debug|Any CPU
		{9A3D5F31-5BCD-49E9-9ADF-5ACA7A2D7EC1}.Debug|Any CPU.Build.0 = Debug|Any CPU
		{9A3D5F31-5BCD-49E9-9ADF-5ACA7A2D7EC1}.Release|Any CPU.ActiveCfg = Release|Any CPU
		{9A3D5F31-5BCD-49E9-9ADF-5ACA7A2D7EC1}.Release|Any CPU.Build.0 = Release|Any CPU
	EndGlobalSection
	GlobalSection(SolutionProperties) = preSolution
		HideSolutionNode = FALSE
	EndGlobalSection
	GlobalSection(NestedProjects) = preSolution
		{59D92458-6DAE-429F-9DBD-D4AFDB3C2BF2} = {02EA681E-C7D8-13C7-8484-4AC65E1B71E8}
		{301782C5-8571-46FD-9C35-A2F41F4C094E} = {EA7CA7F7-D0C7-4513-A95B-89B41F8616BB}
		{2EF05D65-EB6C-4C26-B95E-DCB96B2E6F2C} = {35EADF6A-1A8B-4F4D-BFEB-2B382D505D2B}
		{19D65433-0025-4F5B-BB6E-BD66B4E69004} = {5DD6D8CC-A3F4-4ED7-899B-CD86197D37FB}
		{39CE9A3B-2E6B-49D7-963F-994501A5E475} = {DC402BFD-F4B8-4DF3-B51F-DEFF4B047C28}
		{011D4A73-6B10-4B8D-BB4C-E86A5F8D8645} = {4738002B-F4DE-4950-98E2-5BCBEEDA67EC}
		{3F80E99B-7234-4D29-871B-57FD1A16C40B} = {DC402BFD-F4B8-4DF3-B51F-DEFF4B047C28}
		{2E179D0F-7BD5-45D4-B672-5996409A0B04} = {8FD08EAB-BFA6-4CE6-B097-9A5C831B4F92}
		{F47BA690-838D-46BF-B865-5FDA391344D1} = {BA2001E3-C216-4BBD-BC15-22C46A135F5D}
		{DE2C8CC3-61B1-4532-B190-86FB03D74847} = {5DD6D8CC-A3F4-4ED7-899B-CD86197D37FB}
		{B4E69593-0B03-4B40-91F2-425CD2846091} = {EA7CA7F7-D0C7-4513-A95B-89B41F8616BB}
		{D37EBC38-9E9A-4C24-AE1F-5444EBB3022D} = {2E5EF764-1576-42D7-82FC-206707884635}
		{F8EBFFED-A44B-440A-8C0F-3B07560CD528} = {2E5EF764-1576-42D7-82FC-206707884635}
		{9ECEC603-60CE-4DA2-92FC-A4D69F288D6A} = {2E5EF764-1576-42D7-82FC-206707884635}
		{9A3D5F31-5BCD-49E9-9ADF-5ACA7A2D7EC1} = {2E5EF764-1576-42D7-82FC-206707884635}
	EndGlobalSection
	GlobalSection(ExtensibilityGlobals) = postSolution
		SolutionGuid = {A6B3A07E-2F50-4F4F-B625-2A914F5F4134}
	EndGlobalSection
EndGlobal
